
Microsoft Visual Studio Solution File, Format Version 12.00
# Visual Studio Version 17
VisualStudioVersion = 17.14.36414.22 d17.14
MinimumVisualStudioVersion = 10.0.40219.1
Project("{FAE04EC0-301F-11D3-BF4B-00C04F79EFBC}") = "WPFdoga_FR_12B", "WPFdoga_FR_12B\WPFdoga_FR_12B.csproj", "{BE5005D1-C7DF-45A2-BF84-CF4ED3C9B344}"
EndProject
Global
	GlobalSection(SolutionConfigurationPlatforms) = preSolution
		Debug|Any CPU = Debug|Any CPU
		Release|Any CPU = Release|Any CPU
	EndGlobalSection
	GlobalSection(ProjectConfigurationPlatforms) = postSolution
		{BE5005D1-C7DF-45A2-BF84-CF4ED3C9B344}.Debug|Any CPU.ActiveCfg = Debug|Any CPU
		{BE5005D1-C7DF-45A2-BF84-CF4ED3C9B344}.Debug|Any CPU.Build.0 = Debug|Any CPU
		{BE5005D1-C7DF-45A2-BF84-CF4ED3C9B344}.Release|Any CPU.ActiveCfg = Release|Any CPU
		{BE5005D1-C7DF-45A2-BF84-CF4ED3C9B344}.Release|Any CPU.Build.0 = Release|Any CPU
	EndGlobalSection
	GlobalSection(SolutionProperties) = preSolution
		HideSolutionNode = FALSE
	EndGlobalSection
	GlobalSection(ExtensibilityGlobals) = postSolution
		SolutionGuid = {2F9C3E67-99C6-4072-B69D-C6A3978113AB}
	EndGlobalSection
EndGlobal
